// !$*UTF8*$!
{
	archiveVersion = 1;
	classes = {
	};
	objectVersion = 46;
	objects = {

/* Begin PBXBuildFile section */
		2815325D1BE4F079001E8283 /* carTypeViewCell.swift in Sources */ = {isa = PBXBuildFile; fileRef = 2815325C1BE4F079001E8283 /* carTypeViewCell.swift */; };
		2815325F1BE5ED36001E8283 /* placeSearchViewController.swift in Sources */ = {isa = PBXBuildFile; fileRef = 2815325E1BE5ED36001E8283 /* placeSearchViewController.swift */; };
		281D3C421C0AA2CC00451A8D /* suv.png in Resources */ = {isa = PBXBuildFile; fileRef = 281D3C411C0AA2CC00451A8D /* suv.png */; };
		281D3C441C0AA2D700451A8D /* tuktuk.png in Resources */ = {isa = PBXBuildFile; fileRef = 281D3C431C0AA2D700451A8D /* tuktuk.png */; };
		281D3C4A1C0AA56B00451A8D /* luxSedanActive.png in Resources */ = {isa = PBXBuildFile; fileRef = 281D3C451C0AA56B00451A8D /* luxSedanActive.png */; };
		281D3C4B1C0AA56B00451A8D /* sedanActive.png in Resources */ = {isa = PBXBuildFile; fileRef = 281D3C461C0AA56B00451A8D /* sedanActive.png */; };
		281D3C4C1C0AA56B00451A8D /* suvActive.png in Resources */ = {isa = PBXBuildFile; fileRef = 281D3C471C0AA56B00451A8D /* suvActive.png */; };
		281D3C4D1C0AA56B00451A8D /* tuktukActive.png in Resources */ = {isa = PBXBuildFile; fileRef = 281D3C481C0AA56B00451A8D /* tuktukActive.png */; };
		281D3C4E1C0AA56B00451A8D /* vanActive.png in Resources */ = {isa = PBXBuildFile; fileRef = 281D3C491C0AA56B00451A8D /* vanActive.png */; };
		281D3C501C0AD38000451A8D /* addBookmark.png in Resources */ = {isa = PBXBuildFile; fileRef = 281D3C4F1C0AD38000451A8D /* addBookmark.png */; };
		281F3CB21C1727D4001DA0AF /* beach.png in Resources */ = {isa = PBXBuildFile; fileRef = 281F3CA81C1727D4001DA0AF /* beach.png */; };
		281F3CB31C1727D4001DA0AF /* emergency.png in Resources */ = {isa = PBXBuildFile; fileRef = 281F3CA91C1727D4001DA0AF /* emergency.png */; };
		281F3CB41C1727D4001DA0AF /* foodAndDrink.png in Resources */ = {isa = PBXBuildFile; fileRef = 281F3CAA1C1727D4001DA0AF /* foodAndDrink.png */; };
		281F3CB51C1727D4001DA0AF /* hotel.png in Resources */ = {isa = PBXBuildFile; fileRef = 281F3CAB1C1727D4001DA0AF /* hotel.png */; };
		281F3CB61C1727D4001DA0AF /* niteSpot.png in Resources */ = {isa = PBXBuildFile; fileRef = 281F3CAC1C1727D4001DA0AF /* niteSpot.png */; };
		281F3CB71C1727D4001DA0AF /* places.png in Resources */ = {isa = PBXBuildFile; fileRef = 281F3CAD1C1727D4001DA0AF /* places.png */; };
		281F3CB81C1727D4001DA0AF /* rentCarOrBike.png in Resources */ = {isa = PBXBuildFile; fileRef = 281F3CAE1C1727D4001DA0AF /* rentCarOrBike.png */; };
		281F3CB91C1727D4001DA0AF /* resort.png in Resources */ = {isa = PBXBuildFile; fileRef = 281F3CAF1C1727D4001DA0AF /* resort.png */; };
		281F3CBA1C1727D4001DA0AF /* shopping.png in Resources */ = {isa = PBXBuildFile; fileRef = 281F3CB01C1727D4001DA0AF /* shopping.png */; };
		281F3CBB1C1727D4001DA0AF /* transportation.png in Resources */ = {isa = PBXBuildFile; fileRef = 281F3CB11C1727D4001DA0AF /* transportation.png */; };
		28360C311C1DA07B00A47477 /* person.png in Resources */ = {isa = PBXBuildFile; fileRef = 28360C301C1DA07B00A47477 /* person.png */; };
		28360C331C1DB2B300A47477 /* accountCircle.png in Resources */ = {isa = PBXBuildFile; fileRef = 28360C321C1DB2B300A47477 /* accountCircle.png */; };
		284F83FA1BD290D500AEC237 /* SwiftyJSON.swift in Sources */ = {isa = PBXBuildFile; fileRef = 284F83F91BD290D500AEC237 /* SwiftyJSON.swift */; };
		287A5B311C1D384D00510695 /* grey.png in Resources */ = {isa = PBXBuildFile; fileRef = 287A5B301C1D384D00510695 /* grey.png */; };
		2880F0031C04133C00FBA65B /* GoogleService-Info.plist in Resources */ = {isa = PBXBuildFile; fileRef = 2880F0021C04133C00FBA65B /* GoogleService-Info.plist */; };
		288975DF1C1C7B4B00F12898 /* historyViewController.swift in Sources */ = {isa = PBXBuildFile; fileRef = 288975DE1C1C7B4B00F12898 /* historyViewController.swift */; };
		28A73B211BD28E6800E1A8A5 /* AppDelegate.swift in Sources */ = {isa = PBXBuildFile; fileRef = 28A73B201BD28E6800E1A8A5 /* AppDelegate.swift */; };
		28A73B231BD28E6800E1A8A5 /* ViewController.swift in Sources */ = {isa = PBXBuildFile; fileRef = 28A73B221BD28E6800E1A8A5 /* ViewController.swift */; };
		28A73B261BD28E6800E1A8A5 /* Main.storyboard in Resources */ = {isa = PBXBuildFile; fileRef = 28A73B241BD28E6800E1A8A5 /* Main.storyboard */; };
		28A73B291BD28E6800E1A8A5 /* DDP.xcdatamodeld in Sources */ = {isa = PBXBuildFile; fileRef = 28A73B271BD28E6800E1A8A5 /* DDP.xcdatamodeld */; };
		28A73B2B1BD28E6800E1A8A5 /* Assets.xcassets in Resources */ = {isa = PBXBuildFile; fileRef = 28A73B2A1BD28E6800E1A8A5 /* Assets.xcassets */; };
		28A73B2E1BD28E6800E1A8A5 /* LaunchScreen.storyboard in Resources */ = {isa = PBXBuildFile; fileRef = 28A73B2C1BD28E6800E1A8A5 /* LaunchScreen.storyboard */; };
		28A73B391BD28E6800E1A8A5 /* DDPTests.swift in Sources */ = {isa = PBXBuildFile; fileRef = 28A73B381BD28E6800E1A8A5 /* DDPTests.swift */; };
		28A73B441BD28E6800E1A8A5 /* DDPUITests.swift in Sources */ = {isa = PBXBuildFile; fileRef = 28A73B431BD28E6800E1A8A5 /* DDPUITests.swift */; };
		28B861621C083ADF004A5B37 /* destination.png in Resources */ = {isa = PBXBuildFile; fileRef = 28B8615E1C083ADF004A5B37 /* destination.png */; };
		28B861631C083ADF004A5B37 /* destinationActive.png in Resources */ = {isa = PBXBuildFile; fileRef = 28B8615F1C083ADF004A5B37 /* destinationActive.png */; };
		28B861641C083ADF004A5B37 /* pickup.png in Resources */ = {isa = PBXBuildFile; fileRef = 28B861601C083ADF004A5B37 /* pickup.png */; };
		28B861651C083ADF004A5B37 /* pickupActive.png in Resources */ = {isa = PBXBuildFile; fileRef = 28B861611C083ADF004A5B37 /* pickupActive.png */; };
		28B861671C0846F9004A5B37 /* arrow.png in Resources */ = {isa = PBXBuildFile; fileRef = 28B861661C0846F9004A5B37 /* arrow.png */; };
		28BDA2671C06A127005A91E6 /* loginViewController.swift in Sources */ = {isa = PBXBuildFile; fileRef = 28BDA2661C06A127005A91E6 /* loginViewController.swift */; };
		28BDC3C61C19B91A00E5CB33 /* bookmarkIcon.png in Resources */ = {isa = PBXBuildFile; fileRef = 28BDC3C51C19B91A00E5CB33 /* bookmarkIcon.png */; };
		28BDC3C81C1B0DCF00E5CB33 /* FloatRatingView.swift in Sources */ = {isa = PBXBuildFile; fileRef = 28BDC3C71C1B0DCF00E5CB33 /* FloatRatingView.swift */; };
		28D99C2B1C342F6900DFE9FB /* callicon.png in Resources */ = {isa = PBXBuildFile; fileRef = 28D99C2A1C342F6900DFE9FB /* callicon.png */; };
		28DF88571C05F9200036B2AD /* sedan.png in Resources */ = {isa = PBXBuildFile; fileRef = 28DF88561C05F9200036B2AD /* sedan.png */; };
		28DF885A1C05FB3A0036B2AD /* luxSedan.png in Resources */ = {isa = PBXBuildFile; fileRef = 28DF88581C05FB3A0036B2AD /* luxSedan.png */; };
		28DF885B1C05FB3A0036B2AD /* van.png in Resources */ = {isa = PBXBuildFile; fileRef = 28DF88591C05FB3A0036B2AD /* van.png */; };
		28FA9CF11C0C3FBF00CC9E65 /* customerPin.png in Resources */ = {isa = PBXBuildFile; fileRef = 28FA9CF01C0C3FBF00CC9E65 /* customerPin.png */; };
		28FA9CF31C0C3FE600CC9E65 /* driverPin.png in Resources */ = {isa = PBXBuildFile; fileRef = 28FA9CF21C0C3FE600CC9E65 /* driverPin.png */; };
		28FA9CF51C0C490200CC9E65 /* destinationPin.png in Resources */ = {isa = PBXBuildFile; fileRef = 28FA9CF41C0C490200CC9E65 /* destinationPin.png */; };
		28FA9CF71C0C490D00CC9E65 /* ontaxiPin.png in Resources */ = {isa = PBXBuildFile; fileRef = 28FA9CF61C0C490D00CC9E65 /* ontaxiPin.png */; };
		28FA9CF91C0C4C6800CC9E65 /* MapManager.swift in Sources */ = {isa = PBXBuildFile; fileRef = 28FA9CF81C0C4C6800CC9E65 /* MapManager.swift */; };
		FC6A80AF9A8A4D690AD596B8 /* Pods_DDP.framework in Frameworks */ = {isa = PBXBuildFile; fileRef = 5CD5419470711B2575054E58 /* Pods_DDP.framework */; };
/* End PBXBuildFile section */

/* Begin PBXContainerItemProxy section */
		28A73B351BD28E6800E1A8A5 /* PBXContainerItemProxy */ = {
			isa = PBXContainerItemProxy;
			containerPortal = 28A73B151BD28E6800E1A8A5 /* Project object */;
			proxyType = 1;
			remoteGlobalIDString = 28A73B1C1BD28E6800E1A8A5;
			remoteInfo = DDP;
		};
		28A73B401BD28E6800E1A8A5 /* PBXContainerItemProxy */ = {
			isa = PBXContainerItemProxy;
			containerPortal = 28A73B151BD28E6800E1A8A5 /* Project object */;
			proxyType = 1;
			remoteGlobalIDString = 28A73B1C1BD28E6800E1A8A5;
			remoteInfo = DDP;
		};
/* End PBXContainerItemProxy section */

/* Begin PBXFileReference section */
		28094CD11BF2EE0E003E027F /* DDP-Bridging-Header.h */ = {isa = PBXFileReference; lastKnownFileType = sourcecode.c.h; path = "DDP-Bridging-Header.h"; sourceTree = "<group>"; };
		2815325C1BE4F079001E8283 /* carTypeViewCell.swift */ = {isa = PBXFileReference; fileEncoding = 4; lastKnownFileType = sourcecode.swift; path = carTypeViewCell.swift; sourceTree = "<group>"; };
		2815325E1BE5ED36001E8283 /* placeSearchViewController.swift */ = {isa = PBXFileReference; fileEncoding = 4; lastKnownFileType = sourcecode.swift; path = placeSearchViewController.swift; sourceTree = "<group>"; };
		281D3C411C0AA2CC00451A8D /* suv.png */ = {isa = PBXFileReference; lastKnownFileType = image.png; path = suv.png; sourceTree = "<group>"; };
		281D3C431C0AA2D700451A8D /* tuktuk.png */ = {isa = PBXFileReference; lastKnownFileType = image.png; path = tuktuk.png; sourceTree = "<group>"; };
		281D3C451C0AA56B00451A8D /* luxSedanActive.png */ = {isa = PBXFileReference; lastKnownFileType = image.png; path = luxSedanActive.png; sourceTree = "<group>"; };
		281D3C461C0AA56B00451A8D /* sedanActive.png */ = {isa = PBXFileReference; lastKnownFileType = image.png; path = sedanActive.png; sourceTree = "<group>"; };
		281D3C471C0AA56B00451A8D /* suvActive.png */ = {isa = PBXFileReference; lastKnownFileType = image.png; path = suvActive.png; sourceTree = "<group>"; };
		281D3C481C0AA56B00451A8D /* tuktukActive.png */ = {isa = PBXFileReference; lastKnownFileType = image.png; path = tuktukActive.png; sourceTree = "<group>"; };
		281D3C491C0AA56B00451A8D /* vanActive.png */ = {isa = PBXFileReference; lastKnownFileType = image.png; path = vanActive.png; sourceTree = "<group>"; };
		281D3C4F1C0AD38000451A8D /* addBookmark.png */ = {isa = PBXFileReference; lastKnownFileType = image.png; path = addBookmark.png; sourceTree = "<group>"; };
		281F3CA81C1727D4001DA0AF /* beach.png */ = {isa = PBXFileReference; lastKnownFileType = image.png; path = beach.png; sourceTree = "<group>"; };
		281F3CA91C1727D4001DA0AF /* emergency.png */ = {isa = PBXFileReference; lastKnownFileType = image.png; path = emergency.png; sourceTree = "<group>"; };
		281F3CAA1C1727D4001DA0AF /* foodAndDrink.png */ = {isa = PBXFileReference; lastKnownFileType = image.png; path = foodAndDrink.png; sourceTree = "<group>"; };
		281F3CAB1C1727D4001DA0AF /* hotel.png */ = {isa = PBXFileReference; lastKnownFileType = image.png; path = hotel.png; sourceTree = "<group>"; };
		281F3CAC1C1727D4001DA0AF /* niteSpot.png */ = {isa = PBXFileReference; lastKnownFileType = image.png; path = niteSpot.png; sourceTree = "<group>"; };
		281F3CAD1C1727D4001DA0AF /* places.png */ = {isa = PBXFileReference; lastKnownFileType = image.png; path = places.png; sourceTree = "<group>"; };
		281F3CAE1C1727D4001DA0AF /* rentCarOrBike.png */ = {isa = PBXFileReference; lastKnownFileType = image.png; path = rentCarOrBike.png; sourceTree = "<group>"; };
		281F3CAF1C1727D4001DA0AF /* resort.png */ = {isa = PBXFileReference; lastKnownFileType = image.png; path = resort.png; sourceTree = "<group>"; };
		281F3CB01C1727D4001DA0AF /* shopping.png */ = {isa = PBXFileReference; lastKnownFileType = image.png; path = shopping.png; sourceTree = "<group>"; };
		281F3CB11C1727D4001DA0AF /* transportation.png */ = {isa = PBXFileReference; lastKnownFileType = image.png; path = transportation.png; sourceTree = "<group>"; };
		28360C301C1DA07B00A47477 /* person.png */ = {isa = PBXFileReference; lastKnownFileType = image.png; path = person.png; sourceTree = "<group>"; };
		28360C321C1DB2B300A47477 /* accountCircle.png */ = {isa = PBXFileReference; lastKnownFileType = image.png; path = accountCircle.png; sourceTree = "<group>"; };
		284F83F91BD290D500AEC237 /* SwiftyJSON.swift */ = {isa = PBXFileReference; fileEncoding = 4; lastKnownFileType = sourcecode.swift; path = SwiftyJSON.swift; sourceTree = "<group>"; };
		287A5B301C1D384D00510695 /* grey.png */ = {isa = PBXFileReference; lastKnownFileType = image.png; path = grey.png; sourceTree = "<group>"; };
		2880F0021C04133C00FBA65B /* GoogleService-Info.plist */ = {isa = PBXFileReference; fileEncoding = 4; lastKnownFileType = text.plist.xml; path = "GoogleService-Info.plist"; sourceTree = "<group>"; };
		288975DE1C1C7B4B00F12898 /* historyViewController.swift */ = {isa = PBXFileReference; fileEncoding = 4; lastKnownFileType = sourcecode.swift; path = historyViewController.swift; sourceTree = "<group>"; };
		28A73B1D1BD28E6800E1A8A5 /* DDP.app */ = {isa = PBXFileReference; explicitFileType = wrapper.application; includeInIndex = 0; path = DDP.app; sourceTree = BUILT_PRODUCTS_DIR; };
		28A73B201BD28E6800E1A8A5 /* AppDelegate.swift */ = {isa = PBXFileReference; lastKnownFileType = sourcecode.swift; path = AppDelegate.swift; sourceTree = "<group>"; };
		28A73B221BD28E6800E1A8A5 /* ViewController.swift */ = {isa = PBXFileReference; lastKnownFileType = sourcecode.swift; path = ViewController.swift; sourceTree = "<group>"; };
		28A73B251BD28E6800E1A8A5 /* Base */ = {isa = PBXFileReference; lastKnownFileType = file.storyboard; name = Base; path = Base.lproj/Main.storyboard; sourceTree = "<group>"; };
		28A73B281BD28E6800E1A8A5 /* DDP.xcdatamodel */ = {isa = PBXFileReference; lastKnownFileType = wrapper.xcdatamodel; path = DDP.xcdatamodel; sourceTree = "<group>"; };
		28A73B2A1BD28E6800E1A8A5 /* Assets.xcassets */ = {isa = PBXFileReference; lastKnownFileType = folder.assetcatalog; path = Assets.xcassets; sourceTree = "<group>"; };
		28A73B2D1BD28E6800E1A8A5 /* Base */ = {isa = PBXFileReference; lastKnownFileType = file.storyboard; name = Base; path = Base.lproj/LaunchScreen.storyboard; sourceTree = "<group>"; };
		28A73B2F1BD28E6800E1A8A5 /* Info.plist */ = {isa = PBXFileReference; lastKnownFileType = text.plist.xml; path = Info.plist; sourceTree = "<group>"; };
		28A73B341BD28E6800E1A8A5 /* DDPTests.xctest */ = {isa = PBXFileReference; explicitFileType = wrapper.cfbundle; includeInIndex = 0; path = DDPTests.xctest; sourceTree = BUILT_PRODUCTS_DIR; };
		28A73B381BD28E6800E1A8A5 /* DDPTests.swift */ = {isa = PBXFileReference; lastKnownFileType = sourcecode.swift; path = DDPTests.swift; sourceTree = "<group>"; };
		28A73B3A1BD28E6800E1A8A5 /* Info.plist */ = {isa = PBXFileReference; lastKnownFileType = text.plist.xml; path = Info.plist; sourceTree = "<group>"; };
		28A73B3F1BD28E6800E1A8A5 /* DDPUITests.xctest */ = {isa = PBXFileReference; explicitFileType = wrapper.cfbundle; includeInIndex = 0; path = DDPUITests.xctest; sourceTree = BUILT_PRODUCTS_DIR; };
		28A73B431BD28E6800E1A8A5 /* DDPUITests.swift */ = {isa = PBXFileReference; lastKnownFileType = sourcecode.swift; path = DDPUITests.swift; sourceTree = "<group>"; };
		28A73B451BD28E6800E1A8A5 /* Info.plist */ = {isa = PBXFileReference; lastKnownFileType = text.plist.xml; path = Info.plist; sourceTree = "<group>"; };
		28B8615E1C083ADF004A5B37 /* destination.png */ = {isa = PBXFileReference; lastKnownFileType = image.png; path = destination.png; sourceTree = "<group>"; };
		28B8615F1C083ADF004A5B37 /* destinationActive.png */ = {isa = PBXFileReference; lastKnownFileType = image.png; path = destinationActive.png; sourceTree = "<group>"; };
		28B861601C083ADF004A5B37 /* pickup.png */ = {isa = PBXFileReference; lastKnownFileType = image.png; path = pickup.png; sourceTree = "<group>"; };
		28B861611C083ADF004A5B37 /* pickupActive.png */ = {isa = PBXFileReference; lastKnownFileType = image.png; path = pickupActive.png; sourceTree = "<group>"; };
		28B861661C0846F9004A5B37 /* arrow.png */ = {isa = PBXFileReference; lastKnownFileType = image.png; path = arrow.png; sourceTree = "<group>"; };
		28BDA2661C06A127005A91E6 /* loginViewController.swift */ = {isa = PBXFileReference; fileEncoding = 4; lastKnownFileType = sourcecode.swift; path = loginViewController.swift; sourceTree = "<group>"; };
		28BDC3C51C19B91A00E5CB33 /* bookmarkIcon.png */ = {isa = PBXFileReference; lastKnownFileType = image.png; path = bookmarkIcon.png; sourceTree = "<group>"; };
		28BDC3C71C1B0DCF00E5CB33 /* FloatRatingView.swift */ = {isa = PBXFileReference; fileEncoding = 4; lastKnownFileType = sourcecode.swift; path = FloatRatingView.swift; sourceTree = "<group>"; };
		28D99C2A1C342F6900DFE9FB /* callicon.png */ = {isa = PBXFileReference; lastKnownFileType = image.png; path = callicon.png; sourceTree = "<group>"; };
		28DF88561C05F9200036B2AD /* sedan.png */ = {isa = PBXFileReference; lastKnownFileType = image.png; path = sedan.png; sourceTree = "<group>"; };
		28DF88581C05FB3A0036B2AD /* luxSedan.png */ = {isa = PBXFileReference; lastKnownFileType = image.png; path = luxSedan.png; sourceTree = "<group>"; };
		28DF88591C05FB3A0036B2AD /* van.png */ = {isa = PBXFileReference; lastKnownFileType = image.png; path = van.png; sourceTree = "<group>"; };
		28FA9CF01C0C3FBF00CC9E65 /* customerPin.png */ = {isa = PBXFileReference; lastKnownFileType = image.png; path = customerPin.png; sourceTree = "<group>"; };
		28FA9CF21C0C3FE600CC9E65 /* driverPin.png */ = {isa = PBXFileReference; lastKnownFileType = image.png; path = driverPin.png; sourceTree = "<group>"; };
		28FA9CF41C0C490200CC9E65 /* destinationPin.png */ = {isa = PBXFileReference; lastKnownFileType = image.png; path = destinationPin.png; sourceTree = "<group>"; };
		28FA9CF61C0C490D00CC9E65 /* ontaxiPin.png */ = {isa = PBXFileReference; lastKnownFileType = image.png; path = ontaxiPin.png; sourceTree = "<group>"; };
		28FA9CF81C0C4C6800CC9E65 /* MapManager.swift */ = {isa = PBXFileReference; fileEncoding = 4; lastKnownFileType = sourcecode.swift; path = MapManager.swift; sourceTree = "<group>"; };
		5CD5419470711B2575054E58 /* Pods_DDP.framework */ = {isa = PBXFileReference; explicitFileType = wrapper.framework; includeInIndex = 0; path = Pods_DDP.framework; sourceTree = BUILT_PRODUCTS_DIR; };
		7B5B5CC3CBF45AB2ACFEDAD1 /* Pods-DDP.debug.xcconfig */ = {isa = PBXFileReference; includeInIndex = 1; lastKnownFileType = text.xcconfig; name = "Pods-DDP.debug.xcconfig"; path = "Pods/Target Support Files/Pods-DDP/Pods-DDP.debug.xcconfig"; sourceTree = "<group>"; };
		9C5F8C3E0516BDF643190010 /* Pods-DDP.release.xcconfig */ = {isa = PBXFileReference; includeInIndex = 1; lastKnownFileType = text.xcconfig; name = "Pods-DDP.release.xcconfig"; path = "Pods/Target Support Files/Pods-DDP/Pods-DDP.release.xcconfig"; sourceTree = "<group>"; };
/* End PBXFileReference section */

/* Begin PBXFrameworksBuildPhase section */
		28A73B1A1BD28E6800E1A8A5 /* Frameworks */ = {
			isa = PBXFrameworksBuildPhase;
			buildActionMask = 2147483647;
			files = (
				FC6A80AF9A8A4D690AD596B8 /* Pods_DDP.framework in Frameworks */,
			);
			runOnlyForDeploymentPostprocessing = 0;
		};
		28A73B311BD28E6800E1A8A5 /* Frameworks */ = {
			isa = PBXFrameworksBuildPhase;
			buildActionMask = 2147483647;
			files = (
			);
			runOnlyForDeploymentPostprocessing = 0;
		};
		28A73B3C1BD28E6800E1A8A5 /* Frameworks */ = {
			isa = PBXFrameworksBuildPhase;
			buildActionMask = 2147483647;
			files = (
			);
			runOnlyForDeploymentPostprocessing = 0;
		};
/* End PBXFrameworksBuildPhase section */

/* Begin PBXGroup section */
		281F3CA71C17278C001DA0AF /* places */ = {
			isa = PBXGroup;
			children = (
				28BDC3C51C19B91A00E5CB33 /* bookmarkIcon.png */,
				281F3CA81C1727D4001DA0AF /* beach.png */,
				281F3CA91C1727D4001DA0AF /* emergency.png */,
				281F3CAA1C1727D4001DA0AF /* foodAndDrink.png */,
				281F3CAB1C1727D4001DA0AF /* hotel.png */,
				281F3CAC1C1727D4001DA0AF /* niteSpot.png */,
				281F3CAD1C1727D4001DA0AF /* places.png */,
				281F3CAE1C1727D4001DA0AF /* rentCarOrBike.png */,
				281F3CAF1C1727D4001DA0AF /* resort.png */,
				281F3CB01C1727D4001DA0AF /* shopping.png */,
				281F3CB11C1727D4001DA0AF /* transportation.png */,
			);
			name = places;
			sourceTree = "<group>";
		};
		28A73B141BD28E6800E1A8A5 = {
			isa = PBXGroup;
			children = (
				2880F0021C04133C00FBA65B /* GoogleService-Info.plist */,
				28A73B1F1BD28E6800E1A8A5 /* DDP */,
				28A73B371BD28E6800E1A8A5 /* DDPTests */,
				28A73B421BD28E6800E1A8A5 /* DDPUITests */,
				28A73B1E1BD28E6800E1A8A5 /* Products */,
				4F0ACCED3FCB09BC332D67DA /* Pods */,
				E92DED30927A8421FA4E9C0C /* Frameworks */,
			);
			sourceTree = "<group>";
		};
		28A73B1E1BD28E6800E1A8A5 /* Products */ = {
			isa = PBXGroup;
			children = (
				28A73B1D1BD28E6800E1A8A5 /* DDP.app */,
				28A73B341BD28E6800E1A8A5 /* DDPTests.xctest */,
				28A73B3F1BD28E6800E1A8A5 /* DDPUITests.xctest */,
			);
			name = Products;
			sourceTree = "<group>";
		};
		28A73B1F1BD28E6800E1A8A5 /* DDP */ = {
			isa = PBXGroup;
			children = (
				28DF88551C05F9100036B2AD /* images */,
				28A73B201BD28E6800E1A8A5 /* AppDelegate.swift */,
				28A73B221BD28E6800E1A8A5 /* ViewController.swift */,
				288975DE1C1C7B4B00F12898 /* historyViewController.swift */,
				28BDA2661C06A127005A91E6 /* loginViewController.swift */,
				28A73B241BD28E6800E1A8A5 /* Main.storyboard */,
				28A73B2A1BD28E6800E1A8A5 /* Assets.xcassets */,
				28A73B2C1BD28E6800E1A8A5 /* LaunchScreen.storyboard */,
				28A73B2F1BD28E6800E1A8A5 /* Info.plist */,
				28A73B271BD28E6800E1A8A5 /* DDP.xcdatamodeld */,
				284F83F91BD290D500AEC237 /* SwiftyJSON.swift */,
				2815325C1BE4F079001E8283 /* carTypeViewCell.swift */,
				2815325E1BE5ED36001E8283 /* placeSearchViewController.swift */,
				28094CD11BF2EE0E003E027F /* DDP-Bridging-Header.h */,
				28FA9CF81C0C4C6800CC9E65 /* MapManager.swift */,
				28BDC3C71C1B0DCF00E5CB33 /* FloatRatingView.swift */,
			);
			path = DDP;
			sourceTree = "<group>";
		};
		28A73B371BD28E6800E1A8A5 /* DDPTests */ = {
			isa = PBXGroup;
			children = (
				28A73B381BD28E6800E1A8A5 /* DDPTests.swift */,
				28A73B3A1BD28E6800E1A8A5 /* Info.plist */,
			);
			path = DDPTests;
			sourceTree = "<group>";
		};
		28A73B421BD28E6800E1A8A5 /* DDPUITests */ = {
			isa = PBXGroup;
			children = (
				28A73B431BD28E6800E1A8A5 /* DDPUITests.swift */,
				28A73B451BD28E6800E1A8A5 /* Info.plist */,
			);
			path = DDPUITests;
			sourceTree = "<group>";
		};
		28DF88551C05F9100036B2AD /* images */ = {
			isa = PBXGroup;
			children = (
				28D99C2A1C342F6900DFE9FB /* callicon.png */,
				28360C321C1DB2B300A47477 /* accountCircle.png */,
				281F3CA71C17278C001DA0AF /* places */,
				28360C301C1DA07B00A47477 /* person.png */,
				287A5B301C1D384D00510695 /* grey.png */,
				28FA9CF61C0C490D00CC9E65 /* ontaxiPin.png */,
				28FA9CF41C0C490200CC9E65 /* destinationPin.png */,
				28FA9CF21C0C3FE600CC9E65 /* driverPin.png */,
				28FA9CF01C0C3FBF00CC9E65 /* customerPin.png */,
				281D3C4F1C0AD38000451A8D /* addBookmark.png */,
				281D3C451C0AA56B00451A8D /* luxSedanActive.png */,
				281D3C461C0AA56B00451A8D /* sedanActive.png */,
				281D3C471C0AA56B00451A8D /* suvActive.png */,
				281D3C481C0AA56B00451A8D /* tuktukActive.png */,
				281D3C491C0AA56B00451A8D /* vanActive.png */,
				281D3C431C0AA2D700451A8D /* tuktuk.png */,
				281D3C411C0AA2CC00451A8D /* suv.png */,
				28B861661C0846F9004A5B37 /* arrow.png */,
				28B8615E1C083ADF004A5B37 /* destination.png */,
				28B8615F1C083ADF004A5B37 /* destinationActive.png */,
				28B861601C083ADF004A5B37 /* pickup.png */,
				28B861611C083ADF004A5B37 /* pickupActive.png */,
				28DF88581C05FB3A0036B2AD /* luxSedan.png */,
				28DF88591C05FB3A0036B2AD /* van.png */,
				28DF88561C05F9200036B2AD /* sedan.png */,
			);
			name = images;
			sourceTree = "<group>";
		};
		4F0ACCED3FCB09BC332D67DA /* Pods */ = {
			isa = PBXGroup;
			children = (
				7B5B5CC3CBF45AB2ACFEDAD1 /* Pods-DDP.debug.xcconfig */,
				9C5F8C3E0516BDF643190010 /* Pods-DDP.release.xcconfig */,
			);
			name = Pods;
			sourceTree = "<group>";
		};
		E92DED30927A8421FA4E9C0C /* Frameworks */ = {
			isa = PBXGroup;
			children = (
				5CD5419470711B2575054E58 /* Pods_DDP.framework */,
			);
			name = Frameworks;
			sourceTree = "<group>";
		};
/* End PBXGroup section */

/* Begin PBXNativeTarget section */
		28A73B1C1BD28E6800E1A8A5 /* DDP */ = {
			isa = PBXNativeTarget;
			buildConfigurationList = 28A73B481BD28E6800E1A8A5 /* Build configuration list for PBXNativeTarget "DDP" */;
			buildPhases = (
				C8DDB768E636E0166E5D7A09 /* Check Pods Manifest.lock */,
				28A73B191BD28E6800E1A8A5 /* Sources */,
				28A73B1A1BD28E6800E1A8A5 /* Frameworks */,
				28A73B1B1BD28E6800E1A8A5 /* Resources */,
				804CA765681E414C53894FD1 /* Embed Pods Frameworks */,
				12FB5F28053E8067FE576FB8 /* Copy Pods Resources */,
			);
			buildRules = (
			);
			dependencies = (
			);
			name = DDP;
			productName = DDP;
			productReference = 28A73B1D1BD28E6800E1A8A5 /* DDP.app */;
			productType = "com.apple.product-type.application";
		};
		28A73B331BD28E6800E1A8A5 /* DDPTests */ = {
			isa = PBXNativeTarget;
			buildConfigurationList = 28A73B4B1BD28E6800E1A8A5 /* Build configuration list for PBXNativeTarget "DDPTests" */;
			buildPhases = (
				28A73B301BD28E6800E1A8A5 /* Sources */,
				28A73B311BD28E6800E1A8A5 /* Frameworks */,
				28A73B321BD28E6800E1A8A5 /* Resources */,
			);
			buildRules = (
			);
			dependencies = (
				28A73B361BD28E6800E1A8A5 /* PBXTargetDependency */,
			);
			name = DDPTests;
			productName = DDPTests;
			productReference = 28A73B341BD28E6800E1A8A5 /* DDPTests.xctest */;
			productType = "com.apple.product-type.bundle.unit-test";
		};
		28A73B3E1BD28E6800E1A8A5 /* DDPUITests */ = {
			isa = PBXNativeTarget;
			buildConfigurationList = 28A73B4E1BD28E6800E1A8A5 /* Build configuration list for PBXNativeTarget "DDPUITests" */;
			buildPhases = (
				28A73B3B1BD28E6800E1A8A5 /* Sources */,
				28A73B3C1BD28E6800E1A8A5 /* Frameworks */,
				28A73B3D1BD28E6800E1A8A5 /* Resources */,
			);
			buildRules = (
			);
			dependencies = (
				28A73B411BD28E6800E1A8A5 /* PBXTargetDependency */,
			);
			name = DDPUITests;
			productName = DDPUITests;
			productReference = 28A73B3F1BD28E6800E1A8A5 /* DDPUITests.xctest */;
			productType = "com.apple.product-type.bundle.ui-testing";
		};
/* End PBXNativeTarget section */

/* Begin PBXProject section */
		28A73B151BD28E6800E1A8A5 /* Project object */ = {
			isa = PBXProject;
			attributes = {
				LastSwiftUpdateCheck = 0700;
				LastUpgradeCheck = 0700;
				ORGANIZATIONNAME = cake;
				TargetAttributes = {
					28A73B1C1BD28E6800E1A8A5 = {
						CreatedOnToolsVersion = 7.0.1;
						DevelopmentTeam = 2Z6SG6P5V6;
						SystemCapabilities = {
							com.apple.BackgroundModes = {
								enabled = 1;
							};
							com.apple.Push = {
								enabled = 1;
							};
						};
					};
					28A73B331BD28E6800E1A8A5 = {
						CreatedOnToolsVersion = 7.0.1;
						TestTargetID = 28A73B1C1BD28E6800E1A8A5;
					};
					28A73B3E1BD28E6800E1A8A5 = {
						CreatedOnToolsVersion = 7.0.1;
						TestTargetID = 28A73B1C1BD28E6800E1A8A5;
					};
				};
			};
			buildConfigurationList = 28A73B181BD28E6800E1A8A5 /* Build configuration list for PBXProject "DDP" */;
			compatibilityVersion = "Xcode 3.2";
			developmentRegion = English;
			hasScannedForEncodings = 0;
			knownRegions = (
				en,
				Base,
			);
			mainGroup = 28A73B141BD28E6800E1A8A5;
			productRefGroup = 28A73B1E1BD28E6800E1A8A5 /* Products */;
			projectDirPath = "";
			projectRoot = "";
			targets = (
				28A73B1C1BD28E6800E1A8A5 /* DDP */,
				28A73B331BD28E6800E1A8A5 /* DDPTests */,
				28A73B3E1BD28E6800E1A8A5 /* DDPUITests */,
			);
		};
/* End PBXProject section */

/* Begin PBXResourcesBuildPhase section */
		28A73B1B1BD28E6800E1A8A5 /* Resources */ = {
			isa = PBXResourcesBuildPhase;
			buildActionMask = 2147483647;
			files = (
				281D3C4C1C0AA56B00451A8D /* suvActive.png in Resources */,
				281F3CB71C1727D4001DA0AF /* places.png in Resources */,
				287A5B311C1D384D00510695 /* grey.png in Resources */,
				281F3CB81C1727D4001DA0AF /* rentCarOrBike.png in Resources */,
				281F3CB61C1727D4001DA0AF /* niteSpot.png in Resources */,
				28FA9CF51C0C490200CC9E65 /* destinationPin.png in Resources */,
				281F3CBA1C1727D4001DA0AF /* shopping.png in Resources */,
				28FA9CF31C0C3FE600CC9E65 /* driverPin.png in Resources */,
				28A73B2E1BD28E6800E1A8A5 /* LaunchScreen.storyboard in Resources */,
				2880F0031C04133C00FBA65B /* GoogleService-Info.plist in Resources */,
				281D3C421C0AA2CC00451A8D /* suv.png in Resources */,
				28360C311C1DA07B00A47477 /* person.png in Resources */,
				28A73B2B1BD28E6800E1A8A5 /* Assets.xcassets in Resources */,
				281D3C501C0AD38000451A8D /* addBookmark.png in Resources */,
				281D3C4D1C0AA56B00451A8D /* tuktukActive.png in Resources */,
				28A73B261BD28E6800E1A8A5 /* Main.storyboard in Resources */,
				281D3C4E1C0AA56B00451A8D /* vanActive.png in Resources */,
				281D3C4A1C0AA56B00451A8D /* luxSedanActive.png in Resources */,
				28FA9CF11C0C3FBF00CC9E65 /* customerPin.png in Resources */,
				281F3CB41C1727D4001DA0AF /* foodAndDrink.png in Resources */,
				28BDC3C61C19B91A00E5CB33 /* bookmarkIcon.png in Resources */,
				28B861621C083ADF004A5B37 /* destination.png in Resources */,
				28B861641C083ADF004A5B37 /* pickup.png in Resources */,
				28DF88571C05F9200036B2AD /* sedan.png in Resources */,
				281D3C4B1C0AA56B00451A8D /* sedanActive.png in Resources */,
				28D99C2B1C342F6900DFE9FB /* callicon.png in Resources */,
				28B861671C0846F9004A5B37 /* arrow.png in Resources */,
				281F3CBB1C1727D4001DA0AF /* transportation.png in Resources */,
				28FA9CF71C0C490D00CC9E65 /* ontaxiPin.png in Resources */,
				281D3C441C0AA2D700451A8D /* tuktuk.png in Resources */,
				28B861651C083ADF004A5B37 /* pickupActive.png in Resources */,
				28360C331C1DB2B300A47477 /* accountCircle.png in Resources */,
				281F3CB21C1727D4001DA0AF /* beach.png in Resources */,
				28DF885B1C05FB3A0036B2AD /* van.png in Resources */,
				281F3CB51C1727D4001DA0AF /* hotel.png in Resources */,
				281F3CB91C1727D4001DA0AF /* resort.png in Resources */,
				281F3CB31C1727D4001DA0AF /* emergency.png in Resources */,
				28B861631C083ADF004A5B37 /* destinationActive.png in Resources */,
				28DF885A1C05FB3A0036B2AD /* luxSedan.png in Resources */,
			);
			runOnlyForDeploymentPostprocessing = 0;
		};
		28A73B321BD28E6800E1A8A5 /* Resources */ = {
			isa = PBXResourcesBuildPhase;
			buildActionMask = 2147483647;
			files = (
			);
			runOnlyForDeploymentPostprocessing = 0;
		};
		28A73B3D1BD28E6800E1A8A5 /* Resources */ = {
			isa = PBXResourcesBuildPhase;
			buildActionMask = 2147483647;
			files = (
			);
			runOnlyForDeploymentPostprocessing = 0;
		};
/* End PBXResourcesBuildPhase section */

/* Begin PBXShellScriptBuildPhase section */
		12FB5F28053E8067FE576FB8 /* Copy Pods Resources */ = {
			isa = PBXShellScriptBuildPhase;
			buildActionMask = 2147483647;
			files = (
			);
			inputPaths = (
			);
			name = "Copy Pods Resources";
			outputPaths = (
			);
			runOnlyForDeploymentPostprocessing = 0;
			shellPath = /bin/sh;
			shellScript = "\"${SRCROOT}/Pods/Target Support Files/Pods-DDP/Pods-DDP-resources.sh\"\n";
			showEnvVarsInLog = 0;
		};
		804CA765681E414C53894FD1 /* Embed Pods Frameworks */ = {
			isa = PBXShellScriptBuildPhase;
			buildActionMask = 2147483647;
			files = (
			);
			inputPaths = (
			);
			name = "Embed Pods Frameworks";
			outputPaths = (
			);
			runOnlyForDeploymentPostprocessing = 0;
			shellPath = /bin/sh;
			shellScript = "\"${SRCROOT}/Pods/Target Support Files/Pods-DDP/Pods-DDP-frameworks.sh\"\n";
			showEnvVarsInLog = 0;
		};
		C8DDB768E636E0166E5D7A09 /* Check Pods Manifest.lock */ = {
			isa = PBXShellScriptBuildPhase;
			buildActionMask = 2147483647;
			files = (
			);
			inputPaths = (
			);
			name = "Check Pods Manifest.lock";
			outputPaths = (
			);
			runOnlyForDeploymentPostprocessing = 0;
			shellPath = /bin/sh;
			shellScript = "diff \"${PODS_ROOT}/../Podfile.lock\" \"${PODS_ROOT}/Manifest.lock\" > /dev/null\nif [[ $? != 0 ]] ; then\n    cat << EOM\nerror: The sandbox is not in sync with the Podfile.lock. Run 'pod install' or update your CocoaPods installation.\nEOM\n    exit 1\nfi\n";
			showEnvVarsInLog = 0;
		};
/* End PBXShellScriptBuildPhase section */

/* Begin PBXSourcesBuildPhase section */
		28A73B191BD28E6800E1A8A5 /* Sources */ = {
			isa = PBXSourcesBuildPhase;
			buildActionMask = 2147483647;
			files = (
				28BDA2671C06A127005A91E6 /* loginViewController.swift in Sources */,
				2815325D1BE4F079001E8283 /* carTypeViewCell.swift in Sources */,
				28A73B291BD28E6800E1A8A5 /* DDP.xcdatamodeld in Sources */,
				28A73B231BD28E6800E1A8A5 /* ViewController.swift in Sources */,
				28FA9CF91C0C4C6800CC9E65 /* MapManager.swift in Sources */,
				28A73B211BD28E6800E1A8A5 /* AppDelegate.swift in Sources */,
				28BDC3C81C1B0DCF00E5CB33 /* FloatRatingView.swift in Sources */,
				2815325F1BE5ED36001E8283 /* placeSearchViewController.swift in Sources */,
				284F83FA1BD290D500AEC237 /* SwiftyJSON.swift in Sources */,
				288975DF1C1C7B4B00F12898 /* historyViewController.swift in Sources */,
			);
			runOnlyForDeploymentPostprocessing = 0;
		};
		28A73B301BD28E6800E1A8A5 /* Sources */ = {
			isa = PBXSourcesBuildPhase;
			buildActionMask = 2147483647;
			files = (
				28A73B391BD28E6800E1A8A5 /* DDPTests.swift in Sources */,
			);
			runOnlyForDeploymentPostprocessing = 0;
		};
		28A73B3B1BD28E6800E1A8A5 /* Sources */ = {
			isa = PBXSourcesBuildPhase;
			buildActionMask = 2147483647;
			files = (
				28A73B441BD28E6800E1A8A5 /* DDPUITests.swift in Sources */,
			);
			runOnlyForDeploymentPostprocessing = 0;
		};
/* End PBXSourcesBuildPhase section */

/* Begin PBXTargetDependency section */
		28A73B361BD28E6800E1A8A5 /* PBXTargetDependency */ = {
			isa = PBXTargetDependency;
			target = 28A73B1C1BD28E6800E1A8A5 /* DDP */;
			targetProxy = 28A73B351BD28E6800E1A8A5 /* PBXContainerItemProxy */;
		};
		28A73B411BD28E6800E1A8A5 /* PBXTargetDependency */ = {
			isa = PBXTargetDependency;
			target = 28A73B1C1BD28E6800E1A8A5 /* DDP */;
			targetProxy = 28A73B401BD28E6800E1A8A5 /* PBXContainerItemProxy */;
		};
/* End PBXTargetDependency section */

/* Begin PBXVariantGroup section */
		28A73B241BD28E6800E1A8A5 /* Main.storyboard */ = {
			isa = PBXVariantGroup;
			children = (
				28A73B251BD28E6800E1A8A5 /* Base */,
			);
			name = Main.storyboard;
			sourceTree = "<group>";
		};
		28A73B2C1BD28E6800E1A8A5 /* LaunchScreen.storyboard */ = {
			isa = PBXVariantGroup;
			children = (
				28A73B2D1BD28E6800E1A8A5 /* Base */,
			);
			name = LaunchScreen.storyboard;
			sourceTree = "<group>";
		};
/* End PBXVariantGroup section */

/* Begin XCBuildConfiguration section */
		28A73B461BD28E6800E1A8A5 /* Debug */ = {
			isa = XCBuildConfiguration;
			buildSettings = {
				ALWAYS_SEARCH_USER_PATHS = NO;
				CLANG_CXX_LANGUAGE_STANDARD = "gnu++0x";
				CLANG_CXX_LIBRARY = "libc++";
				CLANG_ENABLE_MODULES = YES;
				CLANG_ENABLE_OBJC_ARC = YES;
				CLANG_WARN_BOOL_CONVERSION = YES;
				CLANG_WARN_CONSTANT_CONVERSION = YES;
				CLANG_WARN_DIRECT_OBJC_ISA_USAGE = YES_ERROR;
				CLANG_WARN_EMPTY_BODY = YES;
				CLANG_WARN_ENUM_CONVERSION = YES;
				CLANG_WARN_INT_CONVERSION = YES;
				CLANG_WARN_OBJC_ROOT_CLASS = YES_ERROR;
				CLANG_WARN_UNREACHABLE_CODE = YES;
				CLANG_WARN__DUPLICATE_METHOD_MATCH = YES;
				CODE_SIGN_IDENTITY = "iPhone Developer: Nathapol Supanam (N45HS4RY87)";
				"CODE_SIGN_IDENTITY[sdk=iphoneos*]" = "iPhone Developer: Nathapol Supanam (N45HS4RY87)";
				COPY_PHASE_STRIP = NO;
				DEBUG_INFORMATION_FORMAT = dwarf;
				ENABLE_BITCODE = NO;
				ENABLE_STRICT_OBJC_MSGSEND = YES;
				ENABLE_TESTABILITY = YES;
				GCC_C_LANGUAGE_STANDARD = gnu99;
				GCC_DYNAMIC_NO_PIC = NO;
				GCC_NO_COMMON_BLOCKS = YES;
				GCC_OPTIMIZATION_LEVEL = 0;
				GCC_PREPROCESSOR_DEFINITIONS = (
					"DEBUG=1",
					"$(inherited)",
				);
				GCC_WARN_64_TO_32_BIT_CONVERSION = YES;
				GCC_WARN_ABOUT_RETURN_TYPE = YES_ERROR;
				GCC_WARN_UNDECLARED_SELECTOR = YES;
				GCC_WARN_UNINITIALIZED_AUTOS = YES_AGGRESSIVE;
				GCC_WARN_UNUSED_FUNCTION = YES;
				GCC_WARN_UNUSED_VARIABLE = YES;
				IPHONEOS_DEPLOYMENT_TARGET = 8.1;
				MTL_ENABLE_DEBUG_INFO = YES;
				ONLY_ACTIVE_ARCH = YES;
				SDKROOT = iphoneos;
				SWIFT_OPTIMIZATION_LEVEL = "-Onone";
				TARGETED_DEVICE_FAMILY = "1,2";
			};
			name = Debug;
		};
		28A73B471BD28E6800E1A8A5 /* Release */ = {
			isa = XCBuildConfiguration;
			buildSettings = {
				ALWAYS_SEARCH_USER_PATHS = NO;
				CLANG_CXX_LANGUAGE_STANDARD = "gnu++0x";
				CLANG_CXX_LIBRARY = "libc++";
				CLANG_ENABLE_MODULES = YES;
				CLANG_ENABLE_OBJC_ARC = YES;
				CLANG_WARN_BOOL_CONVERSION = YES;
				CLANG_WARN_CONSTANT_CONVERSION = YES;
				CLANG_WARN_DIRECT_OBJC_ISA_USAGE = YES_ERROR;
				CLANG_WARN_EMPTY_BODY = YES;
				CLANG_WARN_ENUM_CONVERSION = YES;
				CLANG_WARN_INT_CONVERSION = YES;
				CLANG_WARN_OBJC_ROOT_CLASS = YES_ERROR;
				CLANG_WARN_UNREACHABLE_CODE = YES;
				CLANG_WARN__DUPLICATE_METHOD_MATCH = YES;
				CODE_SIGN_IDENTITY = "iPhone Developer: Nathapol Supanam (N45HS4RY87)";
				"CODE_SIGN_IDENTITY[sdk=iphoneos*]" = "iPhone Developer: Nathapol Supanam (N45HS4RY87)";
				COPY_PHASE_STRIP = NO;
				DEBUG_INFORMATION_FORMAT = "dwarf-with-dsym";
				ENABLE_BITCODE = NO;
				ENABLE_NS_ASSERTIONS = NO;
				ENABLE_STRICT_OBJC_MSGSEND = YES;
				GCC_C_LANGUAGE_STANDARD = gnu99;
				GCC_NO_COMMON_BLOCKS = YES;
				GCC_WARN_64_TO_32_BIT_CONVERSION = YES;
				GCC_WARN_ABOUT_RETURN_TYPE = YES_ERROR;
				GCC_WARN_UNDECLARED_SELECTOR = YES;
				GCC_WARN_UNINITIALIZED_AUTOS = YES_AGGRESSIVE;
				GCC_WARN_UNUSED_FUNCTION = YES;
				GCC_WARN_UNUSED_VARIABLE = YES;
				IPHONEOS_DEPLOYMENT_TARGET = 8.1;
				MTL_ENABLE_DEBUG_INFO = NO;
				SDKROOT = iphoneos;
				TARGETED_DEVICE_FAMILY = "1,2";
				VALIDATE_PRODUCT = YES;
			};
			name = Release;
		};
		28A73B491BD28E6800E1A8A5 /* Debug */ = {
			isa = XCBuildConfiguration;
			baseConfigurationReference = 7B5B5CC3CBF45AB2ACFEDAD1 /* Pods-DDP.debug.xcconfig */;
			buildSettings = {
				ASSETCATALOG_COMPILER_APPICON_NAME = AppIcon;
				CLANG_ENABLE_MODULES = YES;
				CODE_SIGN_IDENTITY = "iPhone Developer";
				"CODE_SIGN_IDENTITY[sdk=iphoneos*]" = "iPhone Developer: Nathapol Supanam (N45HS4RY87)";
				INFOPLIST_FILE = DDP/Info.plist;
				LD_RUNPATH_SEARCH_PATHS = "$(inherited) @executable_path/Frameworks";
				PRODUCT_BUNDLE_IDENTIFIER = ax.DDP;
				PRODUCT_NAME = "$(TARGET_NAME)";
				PROVISIONING_PROFILE = "";
				SWIFT_OBJC_BRIDGING_HEADER = "DDP/DDP-Bridging-Header.h";
				SWIFT_OPTIMIZATION_LEVEL = "-Onone";
			};
			name = Debug;
		};
		28A73B4A1BD28E6800E1A8A5 /* Release */ = {
			isa = XCBuildConfiguration;
			baseConfigurationReference = 9C5F8C3E0516BDF643190010 /* Pods-DDP.release.xcconfig */;
			buildSettings = {
				ASSETCATALOG_COMPILER_APPICON_NAME = AppIcon;
				CLANG_ENABLE_MODULES = YES;
				CODE_SIGN_IDENTITY = "iPhone Developer";
				"CODE_SIGN_IDENTITY[sdk=iphoneos*]" = "iPhone Developer: Nathapol Supanam (N45HS4RY87)";
				INFOPLIST_FILE = DDP/Info.plist;
				LD_RUNPATH_SEARCH_PATHS = "$(inherited) @executable_path/Frameworks";
				PRODUCT_BUNDLE_IDENTIFIER = ax.DDP;
				PRODUCT_NAME = "$(TARGET_NAME)";
				PROVISIONING_PROFILE = "";
				SWIFT_OBJC_BRIDGING_HEADER = "DDP/DDP-Bridging-Header.h";
			};
			name = Release;
		};
		28A73B4C1BD28E6800E1A8A5 /* Debug */ = {
			isa = XCBuildConfiguration;
			buildSettings = {
				BUNDLE_LOADER = "$(TEST_HOST)";
				INFOPLIST_FILE = DDPTests/Info.plist;
				LD_RUNPATH_SEARCH_PATHS = "$(inherited) @executable_path/Frameworks @loader_path/Frameworks";
				PRODUCT_BUNDLE_IDENTIFIER = aa.DDPTests;
				PRODUCT_NAME = "$(TARGET_NAME)";
				TEST_HOST = "$(BUILT_PRODUCTS_DIR)/DDP.app/DDP";
			};
			name = Debug;
		};
		28A73B4D1BD28E6800E1A8A5 /* Release */ = {
			isa = XCBuildConfiguration;
			buildSettings = {
				BUNDLE_LOADER = "$(TEST_HOST)";
				INFOPLIST_FILE = DDPTests/Info.plist;
				LD_RUNPATH_SEARCH_PATHS = "$(inherited) @executable_path/Frameworks @loader_path/Frameworks";
				PRODUCT_BUNDLE_IDENTIFIER = aa.DDPTests;
				PRODUCT_NAME = "$(TARGET_NAME)";
				TEST_HOST = "$(BUILT_PRODUCTS_DIR)/DDP.app/DDP";
			};
			name = Release;
		};
		28A73B4F1BD28E6800E1A8A5 /* Debug */ = {
			isa = XCBuildConfiguration;
			buildSettings = {
				INFOPLIST_FILE = DDPUITests/Info.plist;
				LD_RUNPATH_SEARCH_PATHS = "$(inherited) @executable_path/Frameworks @loader_path/Frameworks";
				PRODUCT_BUNDLE_IDENTIFIER = aa.DDPUITests;
				PRODUCT_NAME = "$(TARGET_NAME)";
				TEST_TARGET_NAME = DDP;
				USES_XCTRUNNER = YES;
			};
			name = Debug;
		};
		28A73B501BD28E6800E1A8A5 /* Release */ = {
			isa = XCBuildConfiguration;
			buildSettings = {
				INFOPLIST_FILE = DDPUITests/Info.plist;
				LD_RUNPATH_SEARCH_PATHS = "$(inherited) @executable_path/Frameworks @loader_path/Frameworks";
				PRODUCT_BUNDLE_IDENTIFIER = aa.DDPUITests;
				PRODUCT_NAME = "$(TARGET_NAME)";
				TEST_TARGET_NAME = DDP;
				USES_XCTRUNNER = YES;
			};
			name = Release;
		};
/* End XCBuildConfiguration section */

/* Begin XCConfigurationList section */
		28A73B181BD28E6800E1A8A5 /* Build configuration list for PBXProject "DDP" */ = {
			isa = XCConfigurationList;
			buildConfigurations = (
				28A73B461BD28E6800E1A8A5 /* Debug */,
				28A73B471BD28E6800E1A8A5 /* Release */,
			);
			defaultConfigurationIsVisible = 0;
			defaultConfigurationName = Release;
		};
		28A73B481BD28E6800E1A8A5 /* Build configuration list for PBXNativeTarget "DDP" */ = {
			isa = XCConfigurationList;
			buildConfigurations = (
				28A73B491BD28E6800E1A8A5 /* Debug */,
				28A73B4A1BD28E6800E1A8A5 /* Release */,
			);
			defaultConfigurationIsVisible = 0;
			defaultConfigurationName = Release;
		};
		28A73B4B1BD28E6800E1A8A5 /* Build configuration list for PBXNativeTarget "DDPTests" */ = {
			isa = XCConfigurationList;
			buildConfigurations = (
				28A73B4C1BD28E6800E1A8A5 /* Debug */,
				28A73B4D1BD28E6800E1A8A5 /* Release */,
			);
			defaultConfigurationIsVisible = 0;
			defaultConfigurationName = Release;
		};
		28A73B4E1BD28E6800E1A8A5 /* Build configuration list for PBXNativeTarget "DDPUITests" */ = {
			isa = XCConfigurationList;
			buildConfigurations = (
				28A73B4F1BD28E6800E1A8A5 /* Debug */,
				28A73B501BD28E6800E1A8A5 /* Release */,
			);
			defaultConfigurationIsVisible = 0;
			defaultConfigurationName = Release;
		};
/* End XCConfigurationList section */

/* Begin XCVersionGroup section */
		28A73B271BD28E6800E1A8A5 /* DDP.xcdatamodeld */ = {
			isa = XCVersionGroup;
			children = (
				28A73B281BD28E6800E1A8A5 /* DDP.xcdatamodel */,
			);
			currentVersion = 28A73B281BD28E6800E1A8A5 /* DDP.xcdatamodel */;
			path = DDP.xcdatamodeld;
			sourceTree = "<group>";
			versionGroupType = wrapper.xcdatamodel;
		};
/* End XCVersionGroup section */
	};
	rootObject = 28A73B151BD28E6800E1A8A5 /* Project object */;
}
